
Microsoft Visual Studio Solution File, Format Version 12.00
# Visual Studio Version 17
VisualStudioVersion = 17.3.32922.545
MinimumVisualStudioVersion = 10.0.40219.1
Project("{FAE04EC0-301F-11D3-BF4B-00C04F79EFBC}") = "TPEntry-Generator", "TPEntry-Generator\TPEntry-Generator.csproj", "{90515653-506E-49F5-B3F6-9821EC8372A2}"
EndProject
Global
	GlobalSection(SolutionConfigurationPlatforms) = preSolution
		Debug|Any CPU = Debug|Any CPU
		Release|Any CPU = Release|Any CPU
	EndGlobalSection
	GlobalSection(ProjectConfigurationPlatforms) = postSolution
		{90515653-506E-49F5-B3F6-9821EC8372A2}.Debug|Any CPU.ActiveCfg = Debug|Any CPU
		{90515653-506E-49F5-B3F6-9821EC8372A2}.Debug|Any CPU.Build.0 = Debug|Any CPU
		{90515653-506E-49F5-B3F6-9821EC8372A2}.Release|Any CPU.ActiveCfg = Release|Any CPU
		{90515653-506E-49F5-B3F6-9821EC8372A2}.Release|Any CPU.Build.0 = Release|Any CPU
	EndGlobalSection
	GlobalSection(SolutionProperties) = preSolution
		HideSolutionNode = FALSE
	EndGlobalSection
	GlobalSection(ExtensibilityGlobals) = postSolution
		SolutionGuid = {C533D6AB-C0F5-4905-9435-47980935772C}
	EndGlobalSection
EndGlobal
